
Microsoft Visual Studio Solution File, Format Version 12.00
# Visual Studio 15
VisualStudioVersion = 15.0.28307.421
MinimumVisualStudioVersion = 10.0.40219.1
Project("{FAE04EC0-301F-11D3-BF4B-00C04F79EFBC}") = "CameronDeao_Excercise_1", "CameronDeao_Excercise_1\CameronDeao_Excercise_1.csproj", "{5BD6C75E-D2D1-43B4-9E49-8ADC1A08E6C7}"
EndProject
Global
	GlobalSection(SolutionConfigurationPlatforms) = preSolution
		Debug|Any CPU = Debug|Any CPU
		Release|Any CPU = Release|Any CPU
	EndGlobalSection
	GlobalSection(ProjectConfigurationPlatforms) = postSolution
		{5BD6C75E-D2D1-43B4-9E49-8ADC1A08E6C7}.Debug|Any CPU.ActiveCfg = Debug|Any CPU
		{5BD6C75E-D2D1-43B4-9E49-8ADC1A08E6C7}.Debug|Any CPU.Build.0 = Debug|Any CPU
		{5BD6C75E-D2D1-43B4-9E49-8ADC1A08E6C7}.Release|Any CPU.ActiveCfg = Release|Any CPU
		{5BD6C75E-D2D1-43B4-9E49-8ADC1A08E6C7}.Release|Any CPU.Build.0 = Release|Any CPU
	EndGlobalSection
	GlobalSection(SolutionProperties) = preSolution
		HideSolutionNode = FALSE
	EndGlobalSection
	GlobalSection(ExtensibilityGlobals) = postSolution
		SolutionGuid = {D2F7AB19-E65F-4069-830B-036ADAFC6422}
	EndGlobalSection
EndGlobal
