
Microsoft Visual Studio Solution File, Format Version 12.00
# Visual Studio 15
VisualStudioVersion = 15.0.28307.421
MinimumVisualStudioVersion = 10.0.40219.1
Project("{FAE04EC0-301F-11D3-BF4B-00C04F79EFBC}") = "ProgrammingExercise2_Cameron_Deao", "ProgrammingExercise2_Cameron_Deao\ProgrammingExercise2_Cameron_Deao.csproj", "{3432069A-44D3-4E00-A4B0-52E9AE507480}"
EndProject
Global
	GlobalSection(SolutionConfigurationPlatforms) = preSolution
		Debug|Any CPU = Debug|Any CPU
		Release|Any CPU = Release|Any CPU
	EndGlobalSection
	GlobalSection(ProjectConfigurationPlatforms) = postSolution
		{3432069A-44D3-4E00-A4B0-52E9AE507480}.Debug|Any CPU.ActiveCfg = Debug|Any CPU
		{3432069A-44D3-4E00-A4B0-52E9AE507480}.Debug|Any CPU.Build.0 = Debug|Any CPU
		{3432069A-44D3-4E00-A4B0-52E9AE507480}.Release|Any CPU.ActiveCfg = Release|Any CPU
		{3432069A-44D3-4E00-A4B0-52E9AE507480}.Release|Any CPU.Build.0 = Release|Any CPU
	EndGlobalSection
	GlobalSection(SolutionProperties) = preSolution
		HideSolutionNode = FALSE
	EndGlobalSection
	GlobalSection(ExtensibilityGlobals) = postSolution
		SolutionGuid = {DA706B47-2C06-4BF1-97F1-113F7C18FFFD}
	EndGlobalSection
EndGlobal
